PODS:
  - AutoCompleteTextField (0.2.1)

DEPENDENCIES:
  - AutoCompleteTextField (from `../`)

EXTERNAL SOURCES:
  AutoCompleteTextField:
    :path: ../

SPEC CHECKSUMS:
  AutoCompleteTextField: c3f4da62ed723da9650f31374972c29a2ecbfeec

PODFILE CHECKSUM: 01930a76e67305cd0386e054f0f20556c07b4e48

COCOAPODS: 1.0.1
